
Microsoft Visual Studio Solution File, Format Version 12.00
# Visual Studio Version 16
VisualStudioVersion = 16.0.29709.97
MinimumVisualStudioVersion = 10.0.40219.1
Project("{FAE04EC0-301F-11D3-BF4B-00C04F79EFBC}") = "HomeAutomata", "HomeAutomata\HomeAutomata.csproj", "{4B8EF010-FC63-4FE1-A0A0-F759BA1E41D1}"
EndProject
Project("{2150E333-8FDC-42A3-9474-1A3956D46DE8}") = "Solution Items", "Solution Items", "{1ACA8B14-3C3F-4DC3-A69A-BD5CEF6E5F55}"
	ProjectSection(SolutionItems) = preProject
		MySQLScripts.txt = MySQLScripts.txt
	EndProjectSection
EndProject
Global
	GlobalSection(SolutionConfigurationPlatforms) = preSolution
		Debug|Any CPU = Debug|Any CPU
		Release|Any CPU = Release|Any CPU
	EndGlobalSection
	GlobalSection(ProjectConfigurationPlatforms) = postSolution
		{4B8EF010-FC63-4FE1-A0A0-F759BA1E41D1}.Debug|Any CPU.ActiveCfg = Debug|Any CPU
		{4B8EF010-FC63-4FE1-A0A0-F759BA1E41D1}.Debug|Any CPU.Build.0 = Debug|Any CPU
		{4B8EF010-FC63-4FE1-A0A0-F759BA1E41D1}.Release|Any CPU.ActiveCfg = Release|Any CPU
		{4B8EF010-FC63-4FE1-A0A0-F759BA1E41D1}.Release|Any CPU.Build.0 = Release|Any CPU
	EndGlobalSection
	GlobalSection(SolutionProperties) = preSolution
		HideSolutionNode = FALSE
	EndGlobalSection
	GlobalSection(ExtensibilityGlobals) = postSolution
		SolutionGuid = {AECA59F5-49DE-4B4F-9CBA-D0FD08DB78CF}
	EndGlobalSection
EndGlobal
